{
    "_readme": [
        "This file locks the dependencies of your project to a known state",
        "Read more about it at https://getcomposer.org/doc/01-basic-usage.md#composer-lock-the-lock-file",
        "This file is @generated automatically"
    ],
    "hash": "a6a39ab5883c4d9883610759f13d4bed",
    "content-hash": "7b6953a3e6da98b303240866a63bcd1c",
    "packages": [
        {
            "name": "apix/log",
            "version": "1.2.0",
            "source": {
                "type": "git",
                "url": "https://github.com/frqnck/apix-log.git",
                "reference": "ae0b6c6b94cf40433eddcbd9f82146049592db8b"
            },
            "dist": {
                "type": "zip",
                "url": "https://api.github.com/repos/frqnck/apix-log/zipball/ae0b6c6b94cf40433eddcbd9f82146049592db8b",
                "reference": "ae0b6c6b94cf40433eddcbd9f82146049592db8b",
                "shasum": ""
            },
            "require": {
                "php": ">=5.3",
                "psr/log": "~1.0"
            },
            "provide": {
                "psr/log-implementation": "1.0.0"
            },
            "require-dev": {
                "phpunit/phpunit": "4.8.*"
            },
            "type": "library",
            "autoload": {
                "psr-4": {
                    "Apix\\Log\\": "src/"
                }
            },
            "notification-url": "https://packagist.org/downloads/",
            "license": [
                "BSD-3-Clause"
            ],
            "authors": [
                {
                    "name": "Franck Cassedanne",
                    "email": "franck@ouarz.net"
                }
            ],
            "description": "Minimalist, thin and fast PSR-3 compliant (multi-bucket) logger.",
            "homepage": "https://github.com/frqnck/apix-log",
            "keywords": [
                "apix",
                "log",
                "logger",
                "psr",
                "psr-3"
            ],
            "time": "2015-09-18 12:04:59"
        },
        {
            "name": "curl/curl",
            "version": "1.3.0",
            "source": {
                "type": "git",
                "url": "https://github.com/php-mod/curl.git",
                "reference": "236d89d38d392e69c8b5fa238d6af003c6acd6f8"
            },
            "dist": {
                "type": "zip",
                "url": "https://api.github.com/repos/php-mod/curl/zipball/236d89d38d392e69c8b5fa238d6af003c6acd6f8",
                "reference": "236d89d38d392e69c8b5fa238d6af003c6acd6f8",
                "shasum": ""
            },
            "require": {
                "ext-curl": "*",
                "php": ">=5.3.0"
            },
            "require-dev": {
                "phpunit/phpunit": "3.7.*",
                "squizlabs/php_codesniffer": "~2.1"
            },
            "type": "library",
            "autoload": {
                "psr-0": {
                    "Curl": "src/"
                }
            },
            "notification-url": "https://packagist.org/downloads/",
            "license": [
                "MIT"
            ],
            "authors": [
                {
                    "name": "Hassan Amouhzi",
                    "email": "hassan@anezi.net",
                    "homepage": "http://hassan.amouhzi.com"
                },
                {
                    "name": "php-curl-class",
                    "homepage": "https://github.com/php-curl-class"
                },
                {
                    "name": "user52",
                    "homepage": "https://github.com/user52"
                }
            ],
            "description": "cURL class for PHP",
            "homepage": "https://github.com/php-mod/curl",
            "keywords": [
                "curl",
                "dot"
            ],
            "time": "2015-12-16 11:34:26"
        },
        {
            "name": "mikecao/flight",
            "version": "v1.2.18",
            "source": {
                "type": "git",
                "url": "https://github.com/mikecao/flight.git",
                "reference": "b9dfda3fd692421832b650744343b4fce6fe27d6"
            },
            "dist": {
                "type": "zip",
                "url": "https://api.github.com/repos/mikecao/flight/zipball/b9dfda3fd692421832b650744343b4fce6fe27d6",
                "reference": "b9dfda3fd692421832b650744343b4fce6fe27d6",
                "shasum": ""
            },
            "require": {
                "php": ">=5.3.0"
            },
            "require-dev": {
                "phpunit/phpunit": "~4.6"
            },
            "type": "library",
            "autoload": {
                "files": [
                    "flight/autoload.php",
                    "flight/Flight.php"
                ]
            },
            "notification-url": "https://packagist.org/downloads/",
            "license": [
                "MIT"
            ],
            "authors": [
                {
                    "name": "Mike Cao",
                    "email": "mike@mikecao.com",
                    "homepage": "http://www.mikecao.com/",
                    "role": "Original Developer"
                }
            ],
            "description": "Flight is a fast, simple, extensible framework for PHP. Flight enables you to quickly and easily build RESTful web applications.",
            "homepage": "http://flightphp.com",
            "time": "2015-12-09 09:06:00"
        },
        {
            "name": "psr/log",
            "version": "1.0.0",
            "source": {
                "type": "git",
                "url": "https://github.com/php-fig/log.git",
                "reference": "fe0936ee26643249e916849d48e3a51d5f5e278b"
            },
            "dist": {
                "type": "zip",
                "url": "https://api.github.com/repos/php-fig/log/zipball/fe0936ee26643249e916849d48e3a51d5f5e278b",
                "reference": "fe0936ee26643249e916849d48e3a51d5f5e278b",
                "shasum": ""
            },
            "type": "library",
            "autoload": {
                "psr-0": {
                    "Psr\\Log\\": ""
                }
            },
            "notification-url": "https://packagist.org/downloads/",
            "license": [
                "MIT"
            ],
            "authors": [
                {
                    "name": "PHP-FIG",
                    "homepage": "http://www.php-fig.org/"
                }
            ],
            "description": "Common interface for logging libraries",
            "keywords": [
                "log",
                "psr",
                "psr-3"
            ],
            "time": "2012-12-21 11:40:51"
        }
    ],
    "packages-dev": [],
    "aliases": [],
    "minimum-stability": "stable",
    "stability-flags": [],
    "prefer-stable": false,
    "prefer-lowest": false,
    "platform": [],
    "platform-dev": []
}
